
Microsoft Visual Studio Solution File, Format Version 12.00
# Visual Studio 2013
VisualStudioVersion = 12.0.40629.0
MinimumVisualStudioVersion = 10.0.40219.1
Project("{8BC9CEB8-8B4A-11D0-8D11-00A0C91BC942}") = "lightlda", "lightlda\lightlda.vcxproj", "{9A6EEB61-6B68-49A3-B83A-E044F6678D6A}"
EndProject
Project("{8BC9CEB8-8B4A-11D0-8D11-00A0C91BC942}") = "dump_binary", "dump_binary\dump_binary.vcxproj", "{FFD24CAD-825A-4732-8186-4361D3E1438F}"
EndProject
Project("{8BC9CEB8-8B4A-11D0-8D11-00A0C91BC942}") = "infer", "infer\infer.vcxproj", "{3CF22D68-9F4B-46B9-B0D4-7129467DD759}"
EndProject
Global
	GlobalSection(SolutionConfigurationPlatforms) = preSolution
		Debug|Mixed Platforms = Debug|Mixed Platforms
		Debug|Win32 = Debug|Win32
		Debug|x64 = Debug|x64
		Release|Mixed Platforms = Release|Mixed Platforms
		Release|Win32 = Release|Win32
		Release|x64 = Release|x64
	EndGlobalSection
	GlobalSection(ProjectConfigurationPlatforms) = postSolution
		{9A6EEB61-6B68-49A3-B83A-E044F6678D6A}.Debug|Mixed Platforms.ActiveCfg = Debug|Win32
		{9A6EEB61-6B68-49A3-B83A-E044F6678D6A}.Debug|Mixed Platforms.Build.0 = Debug|Win32
		{9A6EEB61-6B68-49A3-B83A-E044F6678D6A}.Debug|Win32.ActiveCfg = Debug|Win32
		{9A6EEB61-6B68-49A3-B83A-E044F6678D6A}.Debug|Win32.Build.0 = Debug|Win32
		{9A6EEB61-6B68-49A3-B83A-E044F6678D6A}.Debug|x64.ActiveCfg = Debug|x64
		{9A6EEB61-6B68-49A3-B83A-E044F6678D6A}.Debug|x64.Build.0 = Debug|x64
		{9A6EEB61-6B68-49A3-B83A-E044F6678D6A}.Release|Mixed Platforms.ActiveCfg = Release|Win32
		{9A6EEB61-6B68-49A3-B83A-E044F6678D6A}.Release|Mixed Platforms.Build.0 = Release|Win32
		{9A6EEB61-6B68-49A3-B83A-E044F6678D6A}.Release|Win32.ActiveCfg = Release|Win32
		{9A6EEB61-6B68-49A3-B83A-E044F6678D6A}.Release|Win32.Build.0 = Release|Win32
		{9A6EEB61-6B68-49A3-B83A-E044F6678D6A}.Release|x64.ActiveCfg = Release|x64
		{9A6EEB61-6B68-49A3-B83A-E044F6678D6A}.Release|x64.Build.0 = Release|x64
		{FFD24CAD-825A-4732-8186-4361D3E1438F}.Debug|Mixed Platforms.ActiveCfg = Debug|Win32
		{FFD24CAD-825A-4732-8186-4361D3E1438F}.Debug|Mixed Platforms.Build.0 = Debug|Win32
		{FFD24CAD-825A-4732-8186-4361D3E1438F}.Debug|Win32.ActiveCfg = Debug|Win32
		{FFD24CAD-825A-4732-8186-4361D3E1438F}.Debug|Win32.Build.0 = Debug|Win32
		{FFD24CAD-825A-4732-8186-4361D3E1438F}.Debug|x64.ActiveCfg = Debug|Win32
		{FFD24CAD-825A-4732-8186-4361D3E1438F}.Release|Mixed Platforms.ActiveCfg = Release|Win32
		{FFD24CAD-825A-4732-8186-4361D3E1438F}.Release|Mixed Platforms.Build.0 = Release|Win32
		{FFD24CAD-825A-4732-8186-4361D3E1438F}.Release|Win32.ActiveCfg = Release|Win32
		{FFD24CAD-825A-4732-8186-4361D3E1438F}.Release|Win32.Build.0 = Release|Win32
		{FFD24CAD-825A-4732-8186-4361D3E1438F}.Release|x64.ActiveCfg = Release|x64
		{FFD24CAD-825A-4732-8186-4361D3E1438F}.Release|x64.Build.0 = Release|x64
		{3CF22D68-9F4B-46B9-B0D4-7129467DD759}.Debug|Mixed Platforms.ActiveCfg = Debug|Win32
		{3CF22D68-9F4B-46B9-B0D4-7129467DD759}.Debug|Mixed Platforms.Build.0 = Debug|Win32
		{3CF22D68-9F4B-46B9-B0D4-7129467DD759}.Debug|Win32.ActiveCfg = Debug|Win32
		{3CF22D68-9F4B-46B9-B0D4-7129467DD759}.Debug|Win32.Build.0 = Debug|Win32
		{3CF22D68-9F4B-46B9-B0D4-7129467DD759}.Debug|x64.ActiveCfg = Debug|Win32
		{3CF22D68-9F4B-46B9-B0D4-7129467DD759}.Release|Mixed Platforms.ActiveCfg = Release|Win32
		{3CF22D68-9F4B-46B9-B0D4-7129467DD759}.Release|Mixed Platforms.Build.0 = Release|Win32
		{3CF22D68-9F4B-46B9-B0D4-7129467DD759}.Release|Win32.ActiveCfg = Release|Win32
		{3CF22D68-9F4B-46B9-B0D4-7129467DD759}.Release|Win32.Build.0 = Release|Win32
		{3CF22D68-9F4B-46B9-B0D4-7129467DD759}.Release|x64.ActiveCfg = Release|x64
		{3CF22D68-9F4B-46B9-B0D4-7129467DD759}.Release|x64.Build.0 = Release|x64
	EndGlobalSection
	GlobalSection(SolutionProperties) = preSolution
		HideSolutionNode = FALSE
	EndGlobalSection
EndGlobal
